github.com/CrabStash/crab-stash-protofiles v0.3.14-0.20231006102046-0db20e3fb019 h1:+K3fPO2EISCWl0MiADLatsWGL2PKsdgiozdXa0AJEWI=
github.com/CrabStash/crab-stash-protofiles v0.3.14-0.20231006102046-0db20e3fb019/go.mod h1:KgbdXG/0Mo89X9SLKk0NCoVxeYK7to9LiwAhAlx8oqU=
github.com/CrabStash/crab-stash-protofiles v0.3.14-0.20231010142529-59fb68a4c77f h1:CVKB1bHB1GX8yxdBW4omCCgX0zbvwgbTx0PJvhRuwZ0=
github.com/CrabStash/crab-stash-protofiles v0.3.14-0.20231010142529-59fb68a4c77f/go.mod h1:KgbdXG/0Mo89X9SLKk0NCoVxeYK7to9LiwAhAlx8oqU=
github.com/CrabStash/crab-stash-protofiles v0.3.14-0.20231012150542-fbfe4357914f h1:Mnrx8h2exm311KJXBomb1WfgA2bR/oQEovujsAcCP9s=
github.com/CrabStash/crab-stash-protofiles v0.3.14-0.20231012150542-fbfe4357914f/go.mod h1:KgbdXG/0Mo89X9SLKk0NCoVxeYK7to9LiwAhAlx8oqU=
github.com/CrabStash/crab-stash-protofiles v0.3.14-0.20231019083729-6d8bbeb970ff h1:RMhxok8idb0q3BNaI5aM8nvQpTilfJ2imIs+9Qe+BeQ=
github.com/CrabStash/crab-stash-protofiles v0.3.14-0.20231019083729-6d8bbeb970ff/go.mod h1:KgbdXG/0Mo89X9SLKk0NCoVxeYK7to9LiwAhAlx8oqU=
github.com/CrabStash/crab-stash-protofiles v0.3.14-0.20231112114121-146018338002 h1:CPUi5kT23rWwQXRTUqj16bEaVqxzunPI3LNIeqYV++M=
github.com/CrabStash/crab-stash-protofiles v0.3.14-0.20231112114121-146018338002/go.mod h1:KgbdXG/0Mo89X9SLKk0NCoVxeYK7to9LiwAhAlx8oqU=
github.com/CrabStash/crab-stash-protofiles v0.3.14-0.20231112115450-ba0b53c9a5ac h1:U9pdt+uCtg2j1p4cYYvA3qiNG/lcwf0GhoNfmZnd0ek=
github.com/CrabStash/crab-stash-protofiles v0.3.14-0.20231112115450-ba0b53c9a5ac/go.mod h1:KgbdXG/0Mo89X9SLKk0NCoVxeYK7to9LiwAhAlx8oqU=
github.com/CrabStash/crab-stash-protofiles v0.3.14-0.20231112120850-1b67885fb30f h1:yK/L0nlQJtbJAdurEF3vPMziF2MB9fWORGpjECSfYcw=
github.com/CrabStash/crab-stash-protofiles v0.3.14-0.20231112120850-1b67885fb30f/go.mod h1:KgbdXG/0Mo89X9SLKk0NCoVxeYK7to9LiwAhAlx8oqU=
github.com/CrabStash/crab-stash-protofiles v0.3.14-0.20231113103042-7800f3cda906 h1:TMsdpHs0Jq7Bltuzn/r9t1pRHRmhHzohkP76EqJ5Nzo=
github.com/CrabStash/crab-stash-protofiles v0.3.14-0.20231113103042-7800f3cda906/go.mod h1:KgbdXG/0Mo89X9SLKk0NCoVxeYK7to9LiwAhAlx8oqU=
github.com/CrabStash/crab-stash-protofiles v0.3.14-0.20231118134112-ad066d805455 h1:CIvBj7aVRwtVbtqg9AaPf6AnG9nizb0SBGkrp5J9U7Q=
github.com/CrabStash/crab-stash-protofiles v0.3.14-0.20231118134112-ad066d805455/go.mod h1:KgbdXG/0Mo89X9SLKk0NCoVxeYK7to9LiwAhAlx8oqU=
github.com/CrabStash/crab-stash-protofiles v0.3.14-0.20231129144539-af6a71cbe312 h1:semPBxqk950czF3z3iUdvA2DXK7XoaDXyIFlJZjGyHo=
github.com/CrabStash/crab-stash-protofiles v0.3.14-0.20231129144539-af6a71cbe312/go.mod h1:KgbdXG/0Mo89X9SLKk0NCoVxeYK7to9LiwAhAlx8oqU=
github.com/davecgh/go-spew v1.1.1 h1:vj9j/u1bqnvCEfJOwUhtlOARqs3+rkHYY13jYWTU97c=
github.com/golang/protobuf v1.5.0/go.mod h1:FsONVRAS9T7sI+LIUmWTfcYkHO4aIWwzhcaSAoJOfIk=
github.com/golang/protobuf v1.5.3 h1:KhyjKVUg7Usr/dYsdSqoFveMYd5ko72D+zANwlG1mmg=
github.com/golang/protobuf v1.5.3/go.mod h1:XVQd3VNwM+JqD3oG2Ue2ip4fOMUkwXdXDdiuN0vRsmY=
github.com/google/go-cmp v0.5.5/go.mod h1:v8dTdLbMG2kIc/vJvl+f65V22dbkXbowE6jgT/gNBxE=
github.com/google/go-cmp v0.5.9 h1:O2Tfq5qg4qc4AmwVlvv0oLiVAGB7enBSJ2x2DqQFi38=
github.com/gorilla/websocket v1.5.0 h1:PPwGk2jz7EePpoHN/+ClbZu8SPxiqlu12wZP/3sWmnc=
github.com/gorilla/websocket v1.5.0/go.mod h1:YR8l580nyteQvAITg2hZ9XVh4b55+EU/adAjf1fMHhE=
github.com/pmezard/go-difflib v1.0.0 h1:4DBwDE0NGyQoBHbLQYPwSUPoCMWR5BEzIk/f1lZbAQM=
github.com/stretchr/testify v1.8.2 h1:+h33VjcLVPDHtOdpUCuF+7gSuG3yGIftsP1YvFihtJ8=
github.com/surrealdb/surrealdb.go v0.2.1 h1:E4rCnD75Ftq8/wTgbQ9kJgMACi3xMziXtMlRkm6Jh1g=
github.com/surrealdb/surrealdb.go v0.2.1/go.mod h1:CloW70O49xyVO/rGO9cAZ62FEbl0/hreRHEJuamnndQ=
golang.org/x/net v0.12.0 h1:cfawfvKITfUsFCeJIHJrbSxpeu/E81khclypR0GVT50=
golang.org/x/net v0.12.0/go.mod h1:zEVYFnQC7m/vmpQFELhcD1EWkZlX69l4oqgmer6hfKA=
golang.org/x/sys v0.10.0 h1:SqMFp9UcQJZa+pmYuAKjd9xq1f0j5rLcDIk0mj4qAsA=
golang.org/x/sys v0.10.0/go.mod h1:oPkhp1MJrh7nUepCBck5+mAzfO9JrbApNNgaTdGDITg=
golang.org/x/text v0.11.0 h1:LAntKIrcmeSKERyiOh0XMV39LXS8IE9UL2yP7+f5ij4=
golang.org/x/text v0.11.0/go.mod h1:TvPlkZtksWOMsz7fbANvkp4WM8x/WCo/om8BMLbz+aE=
golang.org/x/xerrors v0.0.0-20191204190536-9bdfabe68543/go.mod h1:I/5z698sn9Ka8TeJc9MKroUUfqBBauWjQqLJ2OPfmY0=
google.golang.org/genproto/googleapis/rpc v0.0.0-20230725213213-b022f6e96895 h1:co8AMhI481nhd3WBfW2mq5msyQHNBcGn7G9GCEqz45k=
google.golang.org/genproto/googleapis/rpc v0.0.0-20230725213213-b022f6e96895/go.mod h1:TUfxEVdsvPg18p6AslUXFoLdpED4oBnGwyqk3dV1XzM=
google.golang.org/grpc v1.56.2 h1:fVRFRnXvU+x6C4IlHZewvJOVHoOv1TUuQyoRsYnB4bI=
google.golang.org/grpc v1.56.2/go.mod h1:I9bI3vqKfayGqPUAwGdOSu7kt6oIJLixfffKrpXqQ9s=
google.golang.org/protobuf v1.26.0-rc.1/go.mod h1:jlhhOSvTdKEhbULTjvd4ARK9grFBp09yW+WbY/TyQbw=
google.golang.org/protobuf v1.26.0/go.mod h1:9q0QmTI4eRPtz6boOQmLYwt+qCgq0jsYwAQnmE0givc=
google.golang.org/protobuf v1.31.0 h1:g0LDEJHgrBl9N9r17Ru3sqWhkIx2NB67okBHPwC7hs8=
google.golang.org/protobuf v1.31.0/go.mod h1:HV8QOd/L58Z+nl8r43ehVNZIU/HEI6OcFqwMG9pJV4I=
gopkg.in/yaml.v3 v3.0.1 h1:fxVm/GzAzEWqLHuvctI91KS9hhNmmWOoWu0XTYJS7CA=
